
Microsoft Visual Studio Solution File, Format Version 12.00
# Visual Studio Version 17
VisualStudioVersion = 17.4.33205.214
MinimumVisualStudioVersion = 10.0.40219.1
Project("{9A19103F-16F7-4668-BE54-9A1E7A4F7556}") = "01.Train", "01.Train\01.Train.csproj", "{83D171AC-1732-4925-96CC-6F1504BE282C}"
EndProject
Project("{9A19103F-16F7-4668-BE54-9A1E7A4F7556}") = "02.ChangeList", "02.ChangeList\02.ChangeList.csproj", "{9BB63DAF-6F92-489E-8AF2-9A7005A319AA}"
EndProject
Project("{9A19103F-16F7-4668-BE54-9A1E7A4F7556}") = "04.ListOperations", "04.ListOperations\04.ListOperations.csproj", "{1095A7D2-F055-41AB-8960-28304A36B9AB}"
EndProject
Project("{9A19103F-16F7-4668-BE54-9A1E7A4F7556}") = "03.HouseParty", "03.HouseParty\03.HouseParty.csproj", "{ECF0F421-587E-4306-80C7-FB3C2B4154F1}"
EndProject
Project("{9A19103F-16F7-4668-BE54-9A1E7A4F7556}") = "05.BombNumbers", "05.BombNumbers\05.BombNumbers.csproj", "{3BC0BFAE-2C1B-4F80-8C88-B499F2D1B1B0}"
EndProject
Project("{9A19103F-16F7-4668-BE54-9A1E7A4F7556}") = "06.CardsGame", "06.CardsGame\06.CardsGame.csproj", "{20397400-1A7D-4B5F-ABB8-80E318BC1A93}"
EndProject
Project("{9A19103F-16F7-4668-BE54-9A1E7A4F7556}") = "07.AppendArrays", "07.AppendArrays\07.AppendArrays.csproj", "{04F4B611-6A96-474D-B782-5FC0131C98B3}"
EndProject
Project("{9A19103F-16F7-4668-BE54-9A1E7A4F7556}") = "08.AnonymousThreat", "08.AnonymousThreat\08.AnonymousThreat.csproj", "{413DC47E-0F5A-4DC7-99F4-EC4F1D628A68}"
EndProject
Project("{FAE04EC0-301F-11D3-BF4B-00C04F79EFBC}") = "09.PokemonDontGo", "09.PokemonDontGo\09.PokemonDontGo.csproj", "{12AD105D-3D8A-40CF-B359-952202E3FF8B}"
EndProject
Global
	GlobalSection(SolutionConfigurationPlatforms) = preSolution
		Debug|Any CPU = Debug|Any CPU
		Release|Any CPU = Release|Any CPU
	EndGlobalSection
	GlobalSection(ProjectConfigurationPlatforms) = postSolution
		{83D171AC-1732-4925-96CC-6F1504BE282C}.Debug|Any CPU.ActiveCfg = Debug|Any CPU
		{83D171AC-1732-4925-96CC-6F1504BE282C}.Debug|Any CPU.Build.0 = Debug|Any CPU
		{83D171AC-1732-4925-96CC-6F1504BE282C}.Release|Any CPU.ActiveCfg = Release|Any CPU
		{83D171AC-1732-4925-96CC-6F1504BE282C}.Release|Any CPU.Build.0 = Release|Any CPU
		{9BB63DAF-6F92-489E-8AF2-9A7005A319AA}.Debug|Any CPU.ActiveCfg = Debug|Any CPU
		{9BB63DAF-6F92-489E-8AF2-9A7005A319AA}.Debug|Any CPU.Build.0 = Debug|Any CPU
		{9BB63DAF-6F92-489E-8AF2-9A7005A319AA}.Release|Any CPU.ActiveCfg = Release|Any CPU
		{9BB63DAF-6F92-489E-8AF2-9A7005A319AA}.Release|Any CPU.Build.0 = Release|Any CPU
		{1095A7D2-F055-41AB-8960-28304A36B9AB}.Debug|Any CPU.ActiveCfg = Debug|Any CPU
		{1095A7D2-F055-41AB-8960-28304A36B9AB}.Debug|Any CPU.Build.0 = Debug|Any CPU
		{1095A7D2-F055-41AB-8960-28304A36B9AB}.Release|Any CPU.ActiveCfg = Release|Any CPU
		{1095A7D2-F055-41AB-8960-28304A36B9AB}.Release|Any CPU.Build.0 = Release|Any CPU
		{ECF0F421-587E-4306-80C7-FB3C2B4154F1}.Debug|Any CPU.ActiveCfg = Debug|Any CPU
		{ECF0F421-587E-4306-80C7-FB3C2B4154F1}.Debug|Any CPU.Build.0 = Debug|Any CPU
		{ECF0F421-587E-4306-80C7-FB3C2B4154F1}.Release|Any CPU.ActiveCfg = Release|Any CPU
		{ECF0F421-587E-4306-80C7-FB3C2B4154F1}.Release|Any CPU.Build.0 = Release|Any CPU
		{3BC0BFAE-2C1B-4F80-8C88-B499F2D1B1B0}.Debug|Any CPU.ActiveCfg = Debug|Any CPU
		{3BC0BFAE-2C1B-4F80-8C88-B499F2D1B1B0}.Debug|Any CPU.Build.0 = Debug|Any CPU
		{3BC0BFAE-2C1B-4F80-8C88-B499F2D1B1B0}.Release|Any CPU.ActiveCfg = Release|Any CPU
		{3BC0BFAE-2C1B-4F80-8C88-B499F2D1B1B0}.Release|Any CPU.Build.0 = Release|Any CPU
		{20397400-1A7D-4B5F-ABB8-80E318BC1A93}.Debug|Any CPU.ActiveCfg = Debug|Any CPU
		{20397400-1A7D-4B5F-ABB8-80E318BC1A93}.Debug|Any CPU.Build.0 = Debug|Any CPU
		{20397400-1A7D-4B5F-ABB8-80E318BC1A93}.Release|Any CPU.ActiveCfg = Release|Any CPU
		{20397400-1A7D-4B5F-ABB8-80E318BC1A93}.Release|Any CPU.Build.0 = Release|Any CPU
		{04F4B611-6A96-474D-B782-5FC0131C98B3}.Debug|Any CPU.ActiveCfg = Debug|Any CPU
		{04F4B611-6A96-474D-B782-5FC0131C98B3}.Debug|Any CPU.Build.0 = Debug|Any CPU
		{04F4B611-6A96-474D-B782-5FC0131C98B3}.Release|Any CPU.ActiveCfg = Release|Any CPU
		{04F4B611-6A96-474D-B782-5FC0131C98B3}.Release|Any CPU.Build.0 = Release|Any CPU
		{413DC47E-0F5A-4DC7-99F4-EC4F1D628A68}.Debug|Any CPU.ActiveCfg = Debug|Any CPU
		{413DC47E-0F5A-4DC7-99F4-EC4F1D628A68}.Debug|Any CPU.Build.0 = Debug|Any CPU
		{413DC47E-0F5A-4DC7-99F4-EC4F1D628A68}.Release|Any CPU.ActiveCfg = Release|Any CPU
		{413DC47E-0F5A-4DC7-99F4-EC4F1D628A68}.Release|Any CPU.Build.0 = Release|Any CPU
		{12AD105D-3D8A-40CF-B359-952202E3FF8B}.Debug|Any CPU.ActiveCfg = Debug|Any CPU
		{12AD105D-3D8A-40CF-B359-952202E3FF8B}.Debug|Any CPU.Build.0 = Debug|Any CPU
		{12AD105D-3D8A-40CF-B359-952202E3FF8B}.Release|Any CPU.ActiveCfg = Release|Any CPU
		{12AD105D-3D8A-40CF-B359-952202E3FF8B}.Release|Any CPU.Build.0 = Release|Any CPU
	EndGlobalSection
	GlobalSection(SolutionProperties) = preSolution
		HideSolutionNode = FALSE
	EndGlobalSection
	GlobalSection(ExtensibilityGlobals) = postSolution
		SolutionGuid = {F9CB76B7-948A-4B0C-B085-7734C1044C52}
	EndGlobalSection
EndGlobal
