
Microsoft Visual Studio Solution File, Format Version 12.00
# Visual Studio Version 17
VisualStudioVersion = 17.4.33205.214
MinimumVisualStudioVersion = 10.0.40219.1
Project("{9A19103F-16F7-4668-BE54-9A1E7A4F7556}") = "01.ActionPrint", "01.ActionPrint\01.ActionPrint.csproj", "{649776BC-FAED-47EB-B2BB-82F1F3917426}"
EndProject
Project("{9A19103F-16F7-4668-BE54-9A1E7A4F7556}") = "02.KnightsOfHonor", "02.KnightsOfHonor\02.KnightsOfHonor.csproj", "{FDD2026A-4574-490F-B5A1-B83EEED8EBED}"
EndProject
Project("{9A19103F-16F7-4668-BE54-9A1E7A4F7556}") = "03.CustomMinFunction", "03.CustomMinFunction\03.CustomMinFunction.csproj", "{60006F6E-2949-4140-B7D7-D36EC55B380F}"
EndProject
Project("{9A19103F-16F7-4668-BE54-9A1E7A4F7556}") = "04.FindEvensOrOdds", "04.FindEvensOrOdds\04.FindEvensOrOdds.csproj", "{FFD9B8FA-A4D6-4767-86C4-2FD0B8E6B3CC}"
EndProject
Project("{9A19103F-16F7-4668-BE54-9A1E7A4F7556}") = "05.AppliedArithmetics", "05.AppliedArithmetics\05.AppliedArithmetics.csproj", "{A93D83B9-DF7A-4CA8-BD9A-EBD57B5B35CC}"
EndProject
Project("{9A19103F-16F7-4668-BE54-9A1E7A4F7556}") = "06.ReverseAndExclude", "06.ReverseAndExclude\06.ReverseAndExclude.csproj", "{E1C2F368-A972-42CE-8322-38BE80DA5B51}"
EndProject
Project("{9A19103F-16F7-4668-BE54-9A1E7A4F7556}") = "07.PredicateForNames", "07.PredicateForNames\07.PredicateForNames.csproj", "{1FDA6443-5757-4E02-85ED-DE7435B75E73}"
EndProject
Project("{9A19103F-16F7-4668-BE54-9A1E7A4F7556}") = "08.ListOfPredicates", "08.ListOfPredicates\08.ListOfPredicates.csproj", "{00C0963B-DAA4-4B05-9CE6-D7B7F508316D}"
EndProject
Project("{FAE04EC0-301F-11D3-BF4B-00C04F79EFBC}") = "09.PredicateParty", "09.PredicateParty\09.PredicateParty.csproj", "{60DC9E43-3F96-4A26-8513-5113CD10A6E4}"
EndProject
Project("{FAE04EC0-301F-11D3-BF4B-00C04F79EFBC}") = "10.ThePartyReservationFilterModule", "10.ThePartyReservationFilterModule\10.ThePartyReservationFilterModule.csproj", "{C95A892F-E004-4329-89F7-E6E539913317}"
EndProject
Project("{FAE04EC0-301F-11D3-BF4B-00C04F79EFBC}") = "11.TriFunction", "11.TriFunction\11.TriFunction.csproj", "{CA35A148-C903-48B6-B0EF-C41B98A85ED5}"
EndProject
Global
	GlobalSection(SolutionConfigurationPlatforms) = preSolution
		Debug|Any CPU = Debug|Any CPU
		Release|Any CPU = Release|Any CPU
	EndGlobalSection
	GlobalSection(ProjectConfigurationPlatforms) = postSolution
		{649776BC-FAED-47EB-B2BB-82F1F3917426}.Debug|Any CPU.ActiveCfg = Debug|Any CPU
		{649776BC-FAED-47EB-B2BB-82F1F3917426}.Debug|Any CPU.Build.0 = Debug|Any CPU
		{649776BC-FAED-47EB-B2BB-82F1F3917426}.Release|Any CPU.ActiveCfg = Release|Any CPU
		{649776BC-FAED-47EB-B2BB-82F1F3917426}.Release|Any CPU.Build.0 = Release|Any CPU
		{FDD2026A-4574-490F-B5A1-B83EEED8EBED}.Debug|Any CPU.ActiveCfg = Debug|Any CPU
		{FDD2026A-4574-490F-B5A1-B83EEED8EBED}.Debug|Any CPU.Build.0 = Debug|Any CPU
		{FDD2026A-4574-490F-B5A1-B83EEED8EBED}.Release|Any CPU.ActiveCfg = Release|Any CPU
		{FDD2026A-4574-490F-B5A1-B83EEED8EBED}.Release|Any CPU.Build.0 = Release|Any CPU
		{60006F6E-2949-4140-B7D7-D36EC55B380F}.Debug|Any CPU.ActiveCfg = Debug|Any CPU
		{60006F6E-2949-4140-B7D7-D36EC55B380F}.Debug|Any CPU.Build.0 = Debug|Any CPU
		{60006F6E-2949-4140-B7D7-D36EC55B380F}.Release|Any CPU.ActiveCfg = Release|Any CPU
		{60006F6E-2949-4140-B7D7-D36EC55B380F}.Release|Any CPU.Build.0 = Release|Any CPU
		{FFD9B8FA-A4D6-4767-86C4-2FD0B8E6B3CC}.Debug|Any CPU.ActiveCfg = Debug|Any CPU
		{FFD9B8FA-A4D6-4767-86C4-2FD0B8E6B3CC}.Debug|Any CPU.Build.0 = Debug|Any CPU
		{FFD9B8FA-A4D6-4767-86C4-2FD0B8E6B3CC}.Release|Any CPU.ActiveCfg = Release|Any CPU
		{FFD9B8FA-A4D6-4767-86C4-2FD0B8E6B3CC}.Release|Any CPU.Build.0 = Release|Any CPU
		{A93D83B9-DF7A-4CA8-BD9A-EBD57B5B35CC}.Debug|Any CPU.ActiveCfg = Debug|Any CPU
		{A93D83B9-DF7A-4CA8-BD9A-EBD57B5B35CC}.Debug|Any CPU.Build.0 = Debug|Any CPU
		{A93D83B9-DF7A-4CA8-BD9A-EBD57B5B35CC}.Release|Any CPU.ActiveCfg = Release|Any CPU
		{A93D83B9-DF7A-4CA8-BD9A-EBD57B5B35CC}.Release|Any CPU.Build.0 = Release|Any CPU
		{E1C2F368-A972-42CE-8322-38BE80DA5B51}.Debug|Any CPU.ActiveCfg = Debug|Any CPU
		{E1C2F368-A972-42CE-8322-38BE80DA5B51}.Debug|Any CPU.Build.0 = Debug|Any CPU
		{E1C2F368-A972-42CE-8322-38BE80DA5B51}.Release|Any CPU.ActiveCfg = Release|Any CPU
		{E1C2F368-A972-42CE-8322-38BE80DA5B51}.Release|Any CPU.Build.0 = Release|Any CPU
		{1FDA6443-5757-4E02-85ED-DE7435B75E73}.Debug|Any CPU.ActiveCfg = Debug|Any CPU
		{1FDA6443-5757-4E02-85ED-DE7435B75E73}.Debug|Any CPU.Build.0 = Debug|Any CPU
		{1FDA6443-5757-4E02-85ED-DE7435B75E73}.Release|Any CPU.ActiveCfg = Release|Any CPU
		{1FDA6443-5757-4E02-85ED-DE7435B75E73}.Release|Any CPU.Build.0 = Release|Any CPU
		{00C0963B-DAA4-4B05-9CE6-D7B7F508316D}.Debug|Any CPU.ActiveCfg = Debug|Any CPU
		{00C0963B-DAA4-4B05-9CE6-D7B7F508316D}.Debug|Any CPU.Build.0 = Debug|Any CPU
		{00C0963B-DAA4-4B05-9CE6-D7B7F508316D}.Release|Any CPU.ActiveCfg = Release|Any CPU
		{00C0963B-DAA4-4B05-9CE6-D7B7F508316D}.Release|Any CPU.Build.0 = Release|Any CPU
		{60DC9E43-3F96-4A26-8513-5113CD10A6E4}.Debug|Any CPU.ActiveCfg = Debug|Any CPU
		{60DC9E43-3F96-4A26-8513-5113CD10A6E4}.Debug|Any CPU.Build.0 = Debug|Any CPU
		{60DC9E43-3F96-4A26-8513-5113CD10A6E4}.Release|Any CPU.ActiveCfg = Release|Any CPU
		{60DC9E43-3F96-4A26-8513-5113CD10A6E4}.Release|Any CPU.Build.0 = Release|Any CPU
		{C95A892F-E004-4329-89F7-E6E539913317}.Debug|Any CPU.ActiveCfg = Debug|Any CPU
		{C95A892F-E004-4329-89F7-E6E539913317}.Debug|Any CPU.Build.0 = Debug|Any CPU
		{C95A892F-E004-4329-89F7-E6E539913317}.Release|Any CPU.ActiveCfg = Release|Any CPU
		{C95A892F-E004-4329-89F7-E6E539913317}.Release|Any CPU.Build.0 = Release|Any CPU
		{CA35A148-C903-48B6-B0EF-C41B98A85ED5}.Debug|Any CPU.ActiveCfg = Debug|Any CPU
		{CA35A148-C903-48B6-B0EF-C41B98A85ED5}.Debug|Any CPU.Build.0 = Debug|Any CPU
		{CA35A148-C903-48B6-B0EF-C41B98A85ED5}.Release|Any CPU.ActiveCfg = Release|Any CPU
		{CA35A148-C903-48B6-B0EF-C41B98A85ED5}.Release|Any CPU.Build.0 = Release|Any CPU
	EndGlobalSection
	GlobalSection(SolutionProperties) = preSolution
		HideSolutionNode = FALSE
	EndGlobalSection
	GlobalSection(ExtensibilityGlobals) = postSolution
		SolutionGuid = {980EC54C-20F3-4658-BBE6-ADF5691C9C01}
	EndGlobalSection
EndGlobal
