
Microsoft Visual Studio Solution File, Format Version 12.00
# Visual Studio Version 17
VisualStudioVersion = 17.4.33205.214
MinimumVisualStudioVersion = 10.0.40219.1
Project("{FAE04EC0-301F-11D3-BF4B-00C04F79EFBC}") = "01.DefineAClassPerson", "01.DefineAClassPerson\01.DefineAClassPerson.csproj", "{8C306A17-2185-49A1-9A98-248460FBB259}"
EndProject
Global
	GlobalSection(SolutionConfigurationPlatforms) = preSolution
		Debug|Any CPU = Debug|Any CPU
		Release|Any CPU = Release|Any CPU
	EndGlobalSection
	GlobalSection(ProjectConfigurationPlatforms) = postSolution
		{8C306A17-2185-49A1-9A98-248460FBB259}.Debug|Any CPU.ActiveCfg = Debug|Any CPU
		{8C306A17-2185-49A1-9A98-248460FBB259}.Debug|Any CPU.Build.0 = Debug|Any CPU
		{8C306A17-2185-49A1-9A98-248460FBB259}.Release|Any CPU.ActiveCfg = Release|Any CPU
		{8C306A17-2185-49A1-9A98-248460FBB259}.Release|Any CPU.Build.0 = Release|Any CPU
	EndGlobalSection
	GlobalSection(SolutionProperties) = preSolution
		HideSolutionNode = FALSE
	EndGlobalSection
	GlobalSection(ExtensibilityGlobals) = postSolution
		SolutionGuid = {C1AA08B4-0749-419B-A174-2FE270C773D4}
	EndGlobalSection
EndGlobal
