
Microsoft Visual Studio Solution File, Format Version 12.00
# Visual Studio Version 17
VisualStudioVersion = 17.4.33205.214
MinimumVisualStudioVersion = 10.0.40219.1
Project("{9A19103F-16F7-4668-BE54-9A1E7A4F7556}") = "01.AdvertisementMessage", "01.AdvertisementMessage\01.AdvertisementMessage.csproj", "{EE9A4601-D3F4-48F6-B87F-2D5A4949C668}"
EndProject
Project("{FAE04EC0-301F-11D3-BF4B-00C04F79EFBC}") = "02.Articles", "02.Articles\02.Articles.csproj", "{AF33B35A-09E5-415E-97B2-98FCE371BE95}"
EndProject
Project("{FAE04EC0-301F-11D3-BF4B-00C04F79EFBC}") = "03.Articles2.0", "03.Articles2.0\03.Articles2.0.csproj", "{89DDF21F-FAD8-4249-A4D5-4831EB773587}"
EndProject
Global
	GlobalSection(SolutionConfigurationPlatforms) = preSolution
		Debug|Any CPU = Debug|Any CPU
		Release|Any CPU = Release|Any CPU
	EndGlobalSection
	GlobalSection(ProjectConfigurationPlatforms) = postSolution
		{EE9A4601-D3F4-48F6-B87F-2D5A4949C668}.Debug|Any CPU.ActiveCfg = Debug|Any CPU
		{EE9A4601-D3F4-48F6-B87F-2D5A4949C668}.Debug|Any CPU.Build.0 = Debug|Any CPU
		{EE9A4601-D3F4-48F6-B87F-2D5A4949C668}.Release|Any CPU.ActiveCfg = Release|Any CPU
		{EE9A4601-D3F4-48F6-B87F-2D5A4949C668}.Release|Any CPU.Build.0 = Release|Any CPU
		{AF33B35A-09E5-415E-97B2-98FCE371BE95}.Debug|Any CPU.ActiveCfg = Debug|Any CPU
		{AF33B35A-09E5-415E-97B2-98FCE371BE95}.Debug|Any CPU.Build.0 = Debug|Any CPU
		{AF33B35A-09E5-415E-97B2-98FCE371BE95}.Release|Any CPU.ActiveCfg = Release|Any CPU
		{AF33B35A-09E5-415E-97B2-98FCE371BE95}.Release|Any CPU.Build.0 = Release|Any CPU
		{89DDF21F-FAD8-4249-A4D5-4831EB773587}.Debug|Any CPU.ActiveCfg = Debug|Any CPU
		{89DDF21F-FAD8-4249-A4D5-4831EB773587}.Debug|Any CPU.Build.0 = Debug|Any CPU
		{89DDF21F-FAD8-4249-A4D5-4831EB773587}.Release|Any CPU.ActiveCfg = Release|Any CPU
		{89DDF21F-FAD8-4249-A4D5-4831EB773587}.Release|Any CPU.Build.0 = Release|Any CPU
	EndGlobalSection
	GlobalSection(SolutionProperties) = preSolution
		HideSolutionNode = FALSE
	EndGlobalSection
	GlobalSection(ExtensibilityGlobals) = postSolution
		SolutionGuid = {6DE0A7CD-5064-40F0-9DC0-D0FA13BD1079}
	EndGlobalSection
EndGlobal
