
Microsoft Visual Studio Solution File, Format Version 12.00
# Visual Studio Version 17
VisualStudioVersion = 17.4.33205.214
MinimumVisualStudioVersion = 10.0.40219.1
Project("{9A19103F-16F7-4668-BE54-9A1E7A4F7556}") = "01.UniqueUsernames", "01.UniqueUsernames\01.UniqueUsernames.csproj", "{0B218995-47EB-40E8-BEAB-D80AB8B31065}"
EndProject
Project("{FAE04EC0-301F-11D3-BF4B-00C04F79EFBC}") = "02.SetsOfElements", "02.SetsOfElements\02.SetsOfElements.csproj", "{1930ECC2-68C6-466C-95CE-C64F38B98DEC}"
EndProject
Project("{FAE04EC0-301F-11D3-BF4B-00C04F79EFBC}") = "03.PeriodicTable", "03.PeriodicTable\03.PeriodicTable.csproj", "{59CE1394-F180-4A77-AA40-A722499AE129}"
EndProject
Project("{FAE04EC0-301F-11D3-BF4B-00C04F79EFBC}") = "04.EvenTimes", "04.EvenTimes\04.EvenTimes.csproj", "{2A6C3F3B-7C36-4528-95E8-35B9DA967530}"
EndProject
Project("{FAE04EC0-301F-11D3-BF4B-00C04F79EFBC}") = "05.CountSymbols", "05.CountSymbols\05.CountSymbols.csproj", "{41CD9307-A74C-4BD7-8539-1BCFF8C3F695}"
EndProject
Global
	GlobalSection(SolutionConfigurationPlatforms) = preSolution
		Debug|Any CPU = Debug|Any CPU
		Release|Any CPU = Release|Any CPU
	EndGlobalSection
	GlobalSection(ProjectConfigurationPlatforms) = postSolution
		{0B218995-47EB-40E8-BEAB-D80AB8B31065}.Debug|Any CPU.ActiveCfg = Debug|Any CPU
		{0B218995-47EB-40E8-BEAB-D80AB8B31065}.Debug|Any CPU.Build.0 = Debug|Any CPU
		{0B218995-47EB-40E8-BEAB-D80AB8B31065}.Release|Any CPU.ActiveCfg = Release|Any CPU
		{0B218995-47EB-40E8-BEAB-D80AB8B31065}.Release|Any CPU.Build.0 = Release|Any CPU
		{1930ECC2-68C6-466C-95CE-C64F38B98DEC}.Debug|Any CPU.ActiveCfg = Debug|Any CPU
		{1930ECC2-68C6-466C-95CE-C64F38B98DEC}.Debug|Any CPU.Build.0 = Debug|Any CPU
		{1930ECC2-68C6-466C-95CE-C64F38B98DEC}.Release|Any CPU.ActiveCfg = Release|Any CPU
		{1930ECC2-68C6-466C-95CE-C64F38B98DEC}.Release|Any CPU.Build.0 = Release|Any CPU
		{59CE1394-F180-4A77-AA40-A722499AE129}.Debug|Any CPU.ActiveCfg = Debug|Any CPU
		{59CE1394-F180-4A77-AA40-A722499AE129}.Debug|Any CPU.Build.0 = Debug|Any CPU
		{59CE1394-F180-4A77-AA40-A722499AE129}.Release|Any CPU.ActiveCfg = Release|Any CPU
		{59CE1394-F180-4A77-AA40-A722499AE129}.Release|Any CPU.Build.0 = Release|Any CPU
		{2A6C3F3B-7C36-4528-95E8-35B9DA967530}.Debug|Any CPU.ActiveCfg = Debug|Any CPU
		{2A6C3F3B-7C36-4528-95E8-35B9DA967530}.Debug|Any CPU.Build.0 = Debug|Any CPU
		{2A6C3F3B-7C36-4528-95E8-35B9DA967530}.Release|Any CPU.ActiveCfg = Release|Any CPU
		{2A6C3F3B-7C36-4528-95E8-35B9DA967530}.Release|Any CPU.Build.0 = Release|Any CPU
		{41CD9307-A74C-4BD7-8539-1BCFF8C3F695}.Debug|Any CPU.ActiveCfg = Debug|Any CPU
		{41CD9307-A74C-4BD7-8539-1BCFF8C3F695}.Debug|Any CPU.Build.0 = Debug|Any CPU
		{41CD9307-A74C-4BD7-8539-1BCFF8C3F695}.Release|Any CPU.ActiveCfg = Release|Any CPU
		{41CD9307-A74C-4BD7-8539-1BCFF8C3F695}.Release|Any CPU.Build.0 = Release|Any CPU
	EndGlobalSection
	GlobalSection(SolutionProperties) = preSolution
		HideSolutionNode = FALSE
	EndGlobalSection
	GlobalSection(ExtensibilityGlobals) = postSolution
		SolutionGuid = {3741C70D-C271-4A61-9504-8D411B017D3E}
	EndGlobalSection
EndGlobal
