
Microsoft Visual Studio Solution File, Format Version 12.00
# Visual Studio Version 17
VisualStudioVersion = 17.4.33205.214
MinimumVisualStudioVersion = 10.0.40219.1
Project("{FAE04EC0-301F-11D3-BF4B-00C04F79EFBC}") = "01.ConvertMetersKilometers", "01.ConvertMetersKilometers\01.ConvertMetersKilometers.csproj", "{6E759A96-BE5C-476E-AE3B-7D90413CE182}"
EndProject
Project("{FAE04EC0-301F-11D3-BF4B-00C04F79EFBC}") = "02.PoundsToDollars", "02.PoundsToDollars\02.PoundsToDollars.csproj", "{38E69C91-6C7F-40E0-80A9-2891F6141F9C}"
EndProject
Project("{FAE04EC0-301F-11D3-BF4B-00C04F79EFBC}") = "03.ExactSumOfRealNumbers", "03.ExactSumOfRealNumbers\03.ExactSumOfRealNumbers.csproj", "{6473F3E1-9474-47C4-A002-3D8A88BEE795}"
EndProject
Project("{FAE04EC0-301F-11D3-BF4B-00C04F79EFBC}") = "04.CenturiesToMinutes", "04.CenturiesToMinutes\04.CenturiesToMinutes.csproj", "{53B2E5D4-8C45-4DB5-AF8E-E7917332C7FE}"
EndProject
Project("{FAE04EC0-301F-11D3-BF4B-00C04F79EFBC}") = "05.SpecialNumbers", "05.SpecialNumbers\05.SpecialNumbers.csproj", "{B899385F-5CAC-426D-8613-6010CB3CF4B0}"
EndProject
Global
	GlobalSection(SolutionConfigurationPlatforms) = preSolution
		Debug|Any CPU = Debug|Any CPU
		Release|Any CPU = Release|Any CPU
	EndGlobalSection
	GlobalSection(ProjectConfigurationPlatforms) = postSolution
		{6E759A96-BE5C-476E-AE3B-7D90413CE182}.Debug|Any CPU.ActiveCfg = Debug|Any CPU
		{6E759A96-BE5C-476E-AE3B-7D90413CE182}.Debug|Any CPU.Build.0 = Debug|Any CPU
		{6E759A96-BE5C-476E-AE3B-7D90413CE182}.Release|Any CPU.ActiveCfg = Release|Any CPU
		{6E759A96-BE5C-476E-AE3B-7D90413CE182}.Release|Any CPU.Build.0 = Release|Any CPU
		{38E69C91-6C7F-40E0-80A9-2891F6141F9C}.Debug|Any CPU.ActiveCfg = Debug|Any CPU
		{38E69C91-6C7F-40E0-80A9-2891F6141F9C}.Debug|Any CPU.Build.0 = Debug|Any CPU
		{38E69C91-6C7F-40E0-80A9-2891F6141F9C}.Release|Any CPU.ActiveCfg = Release|Any CPU
		{38E69C91-6C7F-40E0-80A9-2891F6141F9C}.Release|Any CPU.Build.0 = Release|Any CPU
		{6473F3E1-9474-47C4-A002-3D8A88BEE795}.Debug|Any CPU.ActiveCfg = Debug|Any CPU
		{6473F3E1-9474-47C4-A002-3D8A88BEE795}.Debug|Any CPU.Build.0 = Debug|Any CPU
		{6473F3E1-9474-47C4-A002-3D8A88BEE795}.Release|Any CPU.ActiveCfg = Release|Any CPU
		{6473F3E1-9474-47C4-A002-3D8A88BEE795}.Release|Any CPU.Build.0 = Release|Any CPU
		{53B2E5D4-8C45-4DB5-AF8E-E7917332C7FE}.Debug|Any CPU.ActiveCfg = Debug|Any CPU
		{53B2E5D4-8C45-4DB5-AF8E-E7917332C7FE}.Debug|Any CPU.Build.0 = Debug|Any CPU
		{53B2E5D4-8C45-4DB5-AF8E-E7917332C7FE}.Release|Any CPU.ActiveCfg = Release|Any CPU
		{53B2E5D4-8C45-4DB5-AF8E-E7917332C7FE}.Release|Any CPU.Build.0 = Release|Any CPU
		{B899385F-5CAC-426D-8613-6010CB3CF4B0}.Debug|Any CPU.ActiveCfg = Debug|Any CPU
		{B899385F-5CAC-426D-8613-6010CB3CF4B0}.Debug|Any CPU.Build.0 = Debug|Any CPU
		{B899385F-5CAC-426D-8613-6010CB3CF4B0}.Release|Any CPU.ActiveCfg = Release|Any CPU
		{B899385F-5CAC-426D-8613-6010CB3CF4B0}.Release|Any CPU.Build.0 = Release|Any CPU
	EndGlobalSection
	GlobalSection(SolutionProperties) = preSolution
		HideSolutionNode = FALSE
	EndGlobalSection
	GlobalSection(ExtensibilityGlobals) = postSolution
		SolutionGuid = {A558880B-4C56-45E3-A16B-1E9CE6099291}
	EndGlobalSection
EndGlobal
