
Microsoft Visual Studio Solution File, Format Version 12.00
# Visual Studio Version 17
VisualStudioVersion = 17.4.33205.214
MinimumVisualStudioVersion = 10.0.40219.1
Project("{9A19103F-16F7-4668-BE54-9A1E7A4F7556}") = "01.DiagonalDifference", "01.DiagonalDifference\01.DiagonalDifference.csproj", "{675DD512-218E-4387-BAFC-B288D2B899CF}"
EndProject
Project("{9A19103F-16F7-4668-BE54-9A1E7A4F7556}") = "02.SquaresInMatrix", "02.SquaresInMatrix\02.SquaresInMatrix.csproj", "{208583ED-50E5-4320-8F94-E649B271BE62}"
EndProject
Project("{9A19103F-16F7-4668-BE54-9A1E7A4F7556}") = "03.MaximalSum", "03.MaximalSum\03.MaximalSum.csproj", "{3765BA4D-3DE7-4A87-A994-35174377D7B5}"
EndProject
Project("{9A19103F-16F7-4668-BE54-9A1E7A4F7556}") = "04.MatrixShuffling", "04.MatrixShuffling\04.MatrixShuffling.csproj", "{481D1D38-5AF9-432C-9662-1912909A28F7}"
EndProject
Project("{9A19103F-16F7-4668-BE54-9A1E7A4F7556}") = "05.SnakeMoves", "05.SnakeMoves\05.SnakeMoves.csproj", "{2CCBE59C-C406-4F62-925B-E58131D19634}"
EndProject
Project("{FAE04EC0-301F-11D3-BF4B-00C04F79EFBC}") = "06.JaggedArrayManipulator", "06.JaggedArrayManipulator\06.JaggedArrayManipulator.csproj", "{2D2A6591-5478-43D6-B218-5FBF6E89DFA1}"
EndProject
Project("{FAE04EC0-301F-11D3-BF4B-00C04F79EFBC}") = "07.KnightGame", "07.KnightGame\07.KnightGame.csproj", "{6F6495BB-0ADB-44D6-A0EC-5E1FC1DFB272}"
EndProject
Global
	GlobalSection(SolutionConfigurationPlatforms) = preSolution
		Debug|Any CPU = Debug|Any CPU
		Release|Any CPU = Release|Any CPU
	EndGlobalSection
	GlobalSection(ProjectConfigurationPlatforms) = postSolution
		{675DD512-218E-4387-BAFC-B288D2B899CF}.Debug|Any CPU.ActiveCfg = Debug|Any CPU
		{675DD512-218E-4387-BAFC-B288D2B899CF}.Debug|Any CPU.Build.0 = Debug|Any CPU
		{675DD512-218E-4387-BAFC-B288D2B899CF}.Release|Any CPU.ActiveCfg = Release|Any CPU
		{675DD512-218E-4387-BAFC-B288D2B899CF}.Release|Any CPU.Build.0 = Release|Any CPU
		{208583ED-50E5-4320-8F94-E649B271BE62}.Debug|Any CPU.ActiveCfg = Debug|Any CPU
		{208583ED-50E5-4320-8F94-E649B271BE62}.Debug|Any CPU.Build.0 = Debug|Any CPU
		{208583ED-50E5-4320-8F94-E649B271BE62}.Release|Any CPU.ActiveCfg = Release|Any CPU
		{208583ED-50E5-4320-8F94-E649B271BE62}.Release|Any CPU.Build.0 = Release|Any CPU
		{3765BA4D-3DE7-4A87-A994-35174377D7B5}.Debug|Any CPU.ActiveCfg = Debug|Any CPU
		{3765BA4D-3DE7-4A87-A994-35174377D7B5}.Debug|Any CPU.Build.0 = Debug|Any CPU
		{3765BA4D-3DE7-4A87-A994-35174377D7B5}.Release|Any CPU.ActiveCfg = Release|Any CPU
		{3765BA4D-3DE7-4A87-A994-35174377D7B5}.Release|Any CPU.Build.0 = Release|Any CPU
		{481D1D38-5AF9-432C-9662-1912909A28F7}.Debug|Any CPU.ActiveCfg = Debug|Any CPU
		{481D1D38-5AF9-432C-9662-1912909A28F7}.Debug|Any CPU.Build.0 = Debug|Any CPU
		{481D1D38-5AF9-432C-9662-1912909A28F7}.Release|Any CPU.ActiveCfg = Release|Any CPU
		{481D1D38-5AF9-432C-9662-1912909A28F7}.Release|Any CPU.Build.0 = Release|Any CPU
		{2CCBE59C-C406-4F62-925B-E58131D19634}.Debug|Any CPU.ActiveCfg = Debug|Any CPU
		{2CCBE59C-C406-4F62-925B-E58131D19634}.Debug|Any CPU.Build.0 = Debug|Any CPU
		{2CCBE59C-C406-4F62-925B-E58131D19634}.Release|Any CPU.ActiveCfg = Release|Any CPU
		{2CCBE59C-C406-4F62-925B-E58131D19634}.Release|Any CPU.Build.0 = Release|Any CPU
		{2D2A6591-5478-43D6-B218-5FBF6E89DFA1}.Debug|Any CPU.ActiveCfg = Debug|Any CPU
		{2D2A6591-5478-43D6-B218-5FBF6E89DFA1}.Debug|Any CPU.Build.0 = Debug|Any CPU
		{2D2A6591-5478-43D6-B218-5FBF6E89DFA1}.Release|Any CPU.ActiveCfg = Release|Any CPU
		{2D2A6591-5478-43D6-B218-5FBF6E89DFA1}.Release|Any CPU.Build.0 = Release|Any CPU
		{6F6495BB-0ADB-44D6-A0EC-5E1FC1DFB272}.Debug|Any CPU.ActiveCfg = Debug|Any CPU
		{6F6495BB-0ADB-44D6-A0EC-5E1FC1DFB272}.Debug|Any CPU.Build.0 = Debug|Any CPU
		{6F6495BB-0ADB-44D6-A0EC-5E1FC1DFB272}.Release|Any CPU.ActiveCfg = Release|Any CPU
		{6F6495BB-0ADB-44D6-A0EC-5E1FC1DFB272}.Release|Any CPU.Build.0 = Release|Any CPU
	EndGlobalSection
	GlobalSection(SolutionProperties) = preSolution
		HideSolutionNode = FALSE
	EndGlobalSection
	GlobalSection(ExtensibilityGlobals) = postSolution
		SolutionGuid = {833B4A98-4503-44AB-8D3D-D2EDFBBD9FE8}
	EndGlobalSection
EndGlobal
