
Microsoft Visual Studio Solution File, Format Version 12.00
# Visual Studio Version 17
VisualStudioVersion = 17.4.33205.214
MinimumVisualStudioVersion = 10.0.40219.1
Project("{9A19103F-16F7-4668-BE54-9A1E7A4F7556}") = "01.ConvertMetersToKilometers", "01.ConvertMetersToKilometers\01.ConvertMetersToKilometers.csproj", "{95D70F89-FEA5-45F5-84D7-917A14B5C60D}"
EndProject
Project("{9A19103F-16F7-4668-BE54-9A1E7A4F7556}") = "02.PoundsToDollars", "02.PoundsToDollars\02.PoundsToDollars.csproj", "{BBE53D0D-D698-47AC-963B-DF5B26D8E43C}"
EndProject
Project("{9A19103F-16F7-4668-BE54-9A1E7A4F7556}") = "03.ExactSumOfRealNumbers", "03.ExactSumOfRealNumbers\03.ExactSumOfRealNumbers.csproj", "{9A6D9545-532C-4682-9C0F-E02A3FB1B79C}"
EndProject
Project("{9A19103F-16F7-4668-BE54-9A1E7A4F7556}") = "04.CenturiesToMinutes", "04.CenturiesToMinutes\04.CenturiesToMinutes.csproj", "{C905D241-CF71-46E4-BA92-6C8FB2DF1EA4}"
EndProject
Project("{9A19103F-16F7-4668-BE54-9A1E7A4F7556}") = "05.SpecialNumbers", "05.SpecialNumbers\05.SpecialNumbers.csproj", "{CA6B1A6E-E0E1-4067-A65B-2D924144296A}"
EndProject
Project("{9A19103F-16F7-4668-BE54-9A1E7A4F7556}") = "06.ReversedChars", "06.ReversedChars\06.ReversedChars.csproj", "{0529C14D-B4AD-49E5-AA57-4C9EB8E55067}"
EndProject
Project("{FAE04EC0-301F-11D3-BF4B-00C04F79EFBC}") = "07.ConcatNames", "07.ConcatNames\07.ConcatNames.csproj", "{69F1A199-1055-4117-8367-E72E4C2D261B}"
EndProject
Project("{FAE04EC0-301F-11D3-BF4B-00C04F79EFBC}") = "08.TownInfo", "08.TownInfo\08.TownInfo.csproj", "{A5516A3D-18C6-4724-995C-462281DE8260}"
EndProject
Project("{FAE04EC0-301F-11D3-BF4B-00C04F79EFBC}") = "09.CharsToString", "09.CharsToString\09.CharsToString.csproj", "{6A91C661-3CC0-4721-90C8-A96C4BA2C8E2}"
EndProject
Global
	GlobalSection(SolutionConfigurationPlatforms) = preSolution
		Debug|Any CPU = Debug|Any CPU
		Release|Any CPU = Release|Any CPU
	EndGlobalSection
	GlobalSection(ProjectConfigurationPlatforms) = postSolution
		{95D70F89-FEA5-45F5-84D7-917A14B5C60D}.Debug|Any CPU.ActiveCfg = Debug|Any CPU
		{95D70F89-FEA5-45F5-84D7-917A14B5C60D}.Debug|Any CPU.Build.0 = Debug|Any CPU
		{95D70F89-FEA5-45F5-84D7-917A14B5C60D}.Release|Any CPU.ActiveCfg = Release|Any CPU
		{95D70F89-FEA5-45F5-84D7-917A14B5C60D}.Release|Any CPU.Build.0 = Release|Any CPU
		{BBE53D0D-D698-47AC-963B-DF5B26D8E43C}.Debug|Any CPU.ActiveCfg = Debug|Any CPU
		{BBE53D0D-D698-47AC-963B-DF5B26D8E43C}.Debug|Any CPU.Build.0 = Debug|Any CPU
		{BBE53D0D-D698-47AC-963B-DF5B26D8E43C}.Release|Any CPU.ActiveCfg = Release|Any CPU
		{BBE53D0D-D698-47AC-963B-DF5B26D8E43C}.Release|Any CPU.Build.0 = Release|Any CPU
		{9A6D9545-532C-4682-9C0F-E02A3FB1B79C}.Debug|Any CPU.ActiveCfg = Debug|Any CPU
		{9A6D9545-532C-4682-9C0F-E02A3FB1B79C}.Debug|Any CPU.Build.0 = Debug|Any CPU
		{9A6D9545-532C-4682-9C0F-E02A3FB1B79C}.Release|Any CPU.ActiveCfg = Release|Any CPU
		{9A6D9545-532C-4682-9C0F-E02A3FB1B79C}.Release|Any CPU.Build.0 = Release|Any CPU
		{C905D241-CF71-46E4-BA92-6C8FB2DF1EA4}.Debug|Any CPU.ActiveCfg = Debug|Any CPU
		{C905D241-CF71-46E4-BA92-6C8FB2DF1EA4}.Debug|Any CPU.Build.0 = Debug|Any CPU
		{C905D241-CF71-46E4-BA92-6C8FB2DF1EA4}.Release|Any CPU.ActiveCfg = Release|Any CPU
		{C905D241-CF71-46E4-BA92-6C8FB2DF1EA4}.Release|Any CPU.Build.0 = Release|Any CPU
		{CA6B1A6E-E0E1-4067-A65B-2D924144296A}.Debug|Any CPU.ActiveCfg = Debug|Any CPU
		{CA6B1A6E-E0E1-4067-A65B-2D924144296A}.Debug|Any CPU.Build.0 = Debug|Any CPU
		{CA6B1A6E-E0E1-4067-A65B-2D924144296A}.Release|Any CPU.ActiveCfg = Release|Any CPU
		{CA6B1A6E-E0E1-4067-A65B-2D924144296A}.Release|Any CPU.Build.0 = Release|Any CPU
		{0529C14D-B4AD-49E5-AA57-4C9EB8E55067}.Debug|Any CPU.ActiveCfg = Debug|Any CPU
		{0529C14D-B4AD-49E5-AA57-4C9EB8E55067}.Debug|Any CPU.Build.0 = Debug|Any CPU
		{0529C14D-B4AD-49E5-AA57-4C9EB8E55067}.Release|Any CPU.ActiveCfg = Release|Any CPU
		{0529C14D-B4AD-49E5-AA57-4C9EB8E55067}.Release|Any CPU.Build.0 = Release|Any CPU
		{69F1A199-1055-4117-8367-E72E4C2D261B}.Debug|Any CPU.ActiveCfg = Debug|Any CPU
		{69F1A199-1055-4117-8367-E72E4C2D261B}.Debug|Any CPU.Build.0 = Debug|Any CPU
		{69F1A199-1055-4117-8367-E72E4C2D261B}.Release|Any CPU.ActiveCfg = Release|Any CPU
		{69F1A199-1055-4117-8367-E72E4C2D261B}.Release|Any CPU.Build.0 = Release|Any CPU
		{A5516A3D-18C6-4724-995C-462281DE8260}.Debug|Any CPU.ActiveCfg = Debug|Any CPU
		{A5516A3D-18C6-4724-995C-462281DE8260}.Debug|Any CPU.Build.0 = Debug|Any CPU
		{A5516A3D-18C6-4724-995C-462281DE8260}.Release|Any CPU.ActiveCfg = Release|Any CPU
		{A5516A3D-18C6-4724-995C-462281DE8260}.Release|Any CPU.Build.0 = Release|Any CPU
		{6A91C661-3CC0-4721-90C8-A96C4BA2C8E2}.Debug|Any CPU.ActiveCfg = Debug|Any CPU
		{6A91C661-3CC0-4721-90C8-A96C4BA2C8E2}.Debug|Any CPU.Build.0 = Debug|Any CPU
		{6A91C661-3CC0-4721-90C8-A96C4BA2C8E2}.Release|Any CPU.ActiveCfg = Release|Any CPU
		{6A91C661-3CC0-4721-90C8-A96C4BA2C8E2}.Release|Any CPU.Build.0 = Release|Any CPU
	EndGlobalSection
	GlobalSection(SolutionProperties) = preSolution
		HideSolutionNode = FALSE
	EndGlobalSection
	GlobalSection(ExtensibilityGlobals) = postSolution
		SolutionGuid = {C6F16DF4-59CE-44CE-AC00-A79F0E4CEBC0}
	EndGlobalSection
EndGlobal
