
Microsoft Visual Studio Solution File, Format Version 12.00
# Visual Studio Version 17
VisualStudioVersion = 17.4.33205.214
MinimumVisualStudioVersion = 10.0.40219.1
Project("{9A19103F-16F7-4668-BE54-9A1E7A4F7556}") = "01.IntegerOperations", "01.IntegerOperations\01.IntegerOperations.csproj", "{4DD26548-74F0-423F-A2B8-FE45949E14C8}"
EndProject
Project("{9A19103F-16F7-4668-BE54-9A1E7A4F7556}") = "02.SumDigits", "02.SumDigits\02.SumDigits.csproj", "{F86FFDC1-3C69-49C8-86D6-E1849B39B2DC}"
EndProject
Project("{9A19103F-16F7-4668-BE54-9A1E7A4F7556}") = "03.Elevator", "03.Elevator\03.Elevator.csproj", "{7FA05D8F-040F-40FF-89F4-811841AB1467}"
EndProject
Project("{9A19103F-16F7-4668-BE54-9A1E7A4F7556}") = "04.SumOfChars", "04.SumOfChars\04.SumOfChars.csproj", "{70D78792-8697-4977-A0A9-C11FFB3FA7D5}"
EndProject
Project("{9A19103F-16F7-4668-BE54-9A1E7A4F7556}") = "05.PrintPartOfASCIITable", "05.PrintPartOfASCIITable\05.PrintPartOfASCIITable.csproj", "{140FF988-BAF9-4A2E-B0E8-462E66623113}"
EndProject
Project("{9A19103F-16F7-4668-BE54-9A1E7A4F7556}") = "06.TriplesOfLatinLetters", "06.TriplesOfLatinLetters\06.TriplesOfLatinLetters.csproj", "{501907A5-EDAF-40A6-A2C2-36B5CE1EBD58}"
EndProject
Project("{9A19103F-16F7-4668-BE54-9A1E7A4F7556}") = "07.WaterOverflow", "07.WaterOverflow\07.WaterOverflow.csproj", "{ED6CE51A-D8BA-41E2-80E9-6F1CCCAD8EA2}"
EndProject
Project("{9A19103F-16F7-4668-BE54-9A1E7A4F7556}") = "08.BeerKegs", "08.BeerKegs\08.BeerKegs.csproj", "{26415A8D-F20D-447B-8957-8468EA188984}"
EndProject
Project("{9A19103F-16F7-4668-BE54-9A1E7A4F7556}") = "09.SpiceMustFlow", "09.SpiceMustFlow\09.SpiceMustFlow.csproj", "{13C2868D-6333-4A1B-A377-32C4BD268A5E}"
EndProject
Project("{9A19103F-16F7-4668-BE54-9A1E7A4F7556}") = "10.PokeMon", "10.PokeMon\10.PokeMon.csproj", "{2A798EC9-ADA0-4361-9D8B-55DF1AB0B568}"
EndProject
Project("{9A19103F-16F7-4668-BE54-9A1E7A4F7556}") = "11.Snowballs", "11.Snowballs\11.Snowballs.csproj", "{8D2ED682-B9E2-462C-A888-95191ADFD98D}"
EndProject
Project("{FAE04EC0-301F-11D3-BF4B-00C04F79EFBC}") = "01.DataTypeFinder-ME", "01.DataTypeFinder-ME\01.DataTypeFinder-ME.csproj", "{E83FB8DF-474D-48A0-B197-01798B8F727D}"
EndProject
Project("{FAE04EC0-301F-11D3-BF4B-00C04F79EFBC}") = "02.FromLeftToTheRight-ME", "02.FromLeftToTheRight-ME\02.FromLeftToTheRight-ME.csproj", "{3655B83B-EE33-42B9-BAB1-5FB3934C8351}"
EndProject
Global
	GlobalSection(SolutionConfigurationPlatforms) = preSolution
		Debug|Any CPU = Debug|Any CPU
		Release|Any CPU = Release|Any CPU
	EndGlobalSection
	GlobalSection(ProjectConfigurationPlatforms) = postSolution
		{4DD26548-74F0-423F-A2B8-FE45949E14C8}.Debug|Any CPU.ActiveCfg = Debug|Any CPU
		{4DD26548-74F0-423F-A2B8-FE45949E14C8}.Debug|Any CPU.Build.0 = Debug|Any CPU
		{4DD26548-74F0-423F-A2B8-FE45949E14C8}.Release|Any CPU.ActiveCfg = Release|Any CPU
		{4DD26548-74F0-423F-A2B8-FE45949E14C8}.Release|Any CPU.Build.0 = Release|Any CPU
		{F86FFDC1-3C69-49C8-86D6-E1849B39B2DC}.Debug|Any CPU.ActiveCfg = Debug|Any CPU
		{F86FFDC1-3C69-49C8-86D6-E1849B39B2DC}.Debug|Any CPU.Build.0 = Debug|Any CPU
		{F86FFDC1-3C69-49C8-86D6-E1849B39B2DC}.Release|Any CPU.ActiveCfg = Release|Any CPU
		{F86FFDC1-3C69-49C8-86D6-E1849B39B2DC}.Release|Any CPU.Build.0 = Release|Any CPU
		{7FA05D8F-040F-40FF-89F4-811841AB1467}.Debug|Any CPU.ActiveCfg = Debug|Any CPU
		{7FA05D8F-040F-40FF-89F4-811841AB1467}.Debug|Any CPU.Build.0 = Debug|Any CPU
		{7FA05D8F-040F-40FF-89F4-811841AB1467}.Release|Any CPU.ActiveCfg = Release|Any CPU
		{7FA05D8F-040F-40FF-89F4-811841AB1467}.Release|Any CPU.Build.0 = Release|Any CPU
		{70D78792-8697-4977-A0A9-C11FFB3FA7D5}.Debug|Any CPU.ActiveCfg = Debug|Any CPU
		{70D78792-8697-4977-A0A9-C11FFB3FA7D5}.Debug|Any CPU.Build.0 = Debug|Any CPU
		{70D78792-8697-4977-A0A9-C11FFB3FA7D5}.Release|Any CPU.ActiveCfg = Release|Any CPU
		{70D78792-8697-4977-A0A9-C11FFB3FA7D5}.Release|Any CPU.Build.0 = Release|Any CPU
		{140FF988-BAF9-4A2E-B0E8-462E66623113}.Debug|Any CPU.ActiveCfg = Debug|Any CPU
		{140FF988-BAF9-4A2E-B0E8-462E66623113}.Debug|Any CPU.Build.0 = Debug|Any CPU
		{140FF988-BAF9-4A2E-B0E8-462E66623113}.Release|Any CPU.ActiveCfg = Release|Any CPU
		{140FF988-BAF9-4A2E-B0E8-462E66623113}.Release|Any CPU.Build.0 = Release|Any CPU
		{501907A5-EDAF-40A6-A2C2-36B5CE1EBD58}.Debug|Any CPU.ActiveCfg = Debug|Any CPU
		{501907A5-EDAF-40A6-A2C2-36B5CE1EBD58}.Debug|Any CPU.Build.0 = Debug|Any CPU
		{501907A5-EDAF-40A6-A2C2-36B5CE1EBD58}.Release|Any CPU.ActiveCfg = Release|Any CPU
		{501907A5-EDAF-40A6-A2C2-36B5CE1EBD58}.Release|Any CPU.Build.0 = Release|Any CPU
		{ED6CE51A-D8BA-41E2-80E9-6F1CCCAD8EA2}.Debug|Any CPU.ActiveCfg = Debug|Any CPU
		{ED6CE51A-D8BA-41E2-80E9-6F1CCCAD8EA2}.Debug|Any CPU.Build.0 = Debug|Any CPU
		{ED6CE51A-D8BA-41E2-80E9-6F1CCCAD8EA2}.Release|Any CPU.ActiveCfg = Release|Any CPU
		{ED6CE51A-D8BA-41E2-80E9-6F1CCCAD8EA2}.Release|Any CPU.Build.0 = Release|Any CPU
		{26415A8D-F20D-447B-8957-8468EA188984}.Debug|Any CPU.ActiveCfg = Debug|Any CPU
		{26415A8D-F20D-447B-8957-8468EA188984}.Debug|Any CPU.Build.0 = Debug|Any CPU
		{26415A8D-F20D-447B-8957-8468EA188984}.Release|Any CPU.ActiveCfg = Release|Any CPU
		{26415A8D-F20D-447B-8957-8468EA188984}.Release|Any CPU.Build.0 = Release|Any CPU
		{13C2868D-6333-4A1B-A377-32C4BD268A5E}.Debug|Any CPU.ActiveCfg = Debug|Any CPU
		{13C2868D-6333-4A1B-A377-32C4BD268A5E}.Debug|Any CPU.Build.0 = Debug|Any CPU
		{13C2868D-6333-4A1B-A377-32C4BD268A5E}.Release|Any CPU.ActiveCfg = Release|Any CPU
		{13C2868D-6333-4A1B-A377-32C4BD268A5E}.Release|Any CPU.Build.0 = Release|Any CPU
		{2A798EC9-ADA0-4361-9D8B-55DF1AB0B568}.Debug|Any CPU.ActiveCfg = Debug|Any CPU
		{2A798EC9-ADA0-4361-9D8B-55DF1AB0B568}.Debug|Any CPU.Build.0 = Debug|Any CPU
		{2A798EC9-ADA0-4361-9D8B-55DF1AB0B568}.Release|Any CPU.ActiveCfg = Release|Any CPU
		{2A798EC9-ADA0-4361-9D8B-55DF1AB0B568}.Release|Any CPU.Build.0 = Release|Any CPU
		{8D2ED682-B9E2-462C-A888-95191ADFD98D}.Debug|Any CPU.ActiveCfg = Debug|Any CPU
		{8D2ED682-B9E2-462C-A888-95191ADFD98D}.Debug|Any CPU.Build.0 = Debug|Any CPU
		{8D2ED682-B9E2-462C-A888-95191ADFD98D}.Release|Any CPU.ActiveCfg = Release|Any CPU
		{8D2ED682-B9E2-462C-A888-95191ADFD98D}.Release|Any CPU.Build.0 = Release|Any CPU
		{E83FB8DF-474D-48A0-B197-01798B8F727D}.Debug|Any CPU.ActiveCfg = Debug|Any CPU
		{E83FB8DF-474D-48A0-B197-01798B8F727D}.Debug|Any CPU.Build.0 = Debug|Any CPU
		{E83FB8DF-474D-48A0-B197-01798B8F727D}.Release|Any CPU.ActiveCfg = Release|Any CPU
		{E83FB8DF-474D-48A0-B197-01798B8F727D}.Release|Any CPU.Build.0 = Release|Any CPU
		{3655B83B-EE33-42B9-BAB1-5FB3934C8351}.Debug|Any CPU.ActiveCfg = Debug|Any CPU
		{3655B83B-EE33-42B9-BAB1-5FB3934C8351}.Debug|Any CPU.Build.0 = Debug|Any CPU
		{3655B83B-EE33-42B9-BAB1-5FB3934C8351}.Release|Any CPU.ActiveCfg = Release|Any CPU
		{3655B83B-EE33-42B9-BAB1-5FB3934C8351}.Release|Any CPU.Build.0 = Release|Any CPU
	EndGlobalSection
	GlobalSection(SolutionProperties) = preSolution
		HideSolutionNode = FALSE
	EndGlobalSection
	GlobalSection(ExtensibilityGlobals) = postSolution
		SolutionGuid = {FB0E80C8-B893-4F14-BBC6-73A4758F0235}
	EndGlobalSection
EndGlobal
