
Microsoft Visual Studio Solution File, Format Version 12.00
# Visual Studio Version 17
VisualStudioVersion = 17.4.33205.214
MinimumVisualStudioVersion = 10.0.40219.1
Project("{FAE04EC0-301F-11D3-BF4B-00C04F79EFBC}") = "01.IntegerOperations", "01.IntegerOperations\01.IntegerOperations.csproj", "{4DD26548-74F0-423F-A2B8-FE45949E14C8}"
EndProject
Project("{FAE04EC0-301F-11D3-BF4B-00C04F79EFBC}") = "02.SumDigits", "02.SumDigits\02.SumDigits.csproj", "{F86FFDC1-3C69-49C8-86D6-E1849B39B2DC}"
EndProject
Project("{FAE04EC0-301F-11D3-BF4B-00C04F79EFBC}") = "03.Elevator", "03.Elevator\03.Elevator.csproj", "{7FA05D8F-040F-40FF-89F4-811841AB1467}"
EndProject
Project("{FAE04EC0-301F-11D3-BF4B-00C04F79EFBC}") = "04.SumOfChars", "04.SumOfChars\04.SumOfChars.csproj", "{70D78792-8697-4977-A0A9-C11FFB3FA7D5}"
EndProject
Project("{FAE04EC0-301F-11D3-BF4B-00C04F79EFBC}") = "05.PrintPartOfASCIITable", "05.PrintPartOfASCIITable\05.PrintPartOfASCIITable.csproj", "{140FF988-BAF9-4A2E-B0E8-462E66623113}"
EndProject
Global
	GlobalSection(SolutionConfigurationPlatforms) = preSolution
		Debug|Any CPU = Debug|Any CPU
		Release|Any CPU = Release|Any CPU
	EndGlobalSection
	GlobalSection(ProjectConfigurationPlatforms) = postSolution
		{4DD26548-74F0-423F-A2B8-FE45949E14C8}.Debug|Any CPU.ActiveCfg = Debug|Any CPU
		{4DD26548-74F0-423F-A2B8-FE45949E14C8}.Debug|Any CPU.Build.0 = Debug|Any CPU
		{4DD26548-74F0-423F-A2B8-FE45949E14C8}.Release|Any CPU.ActiveCfg = Release|Any CPU
		{4DD26548-74F0-423F-A2B8-FE45949E14C8}.Release|Any CPU.Build.0 = Release|Any CPU
		{F86FFDC1-3C69-49C8-86D6-E1849B39B2DC}.Debug|Any CPU.ActiveCfg = Debug|Any CPU
		{F86FFDC1-3C69-49C8-86D6-E1849B39B2DC}.Debug|Any CPU.Build.0 = Debug|Any CPU
		{F86FFDC1-3C69-49C8-86D6-E1849B39B2DC}.Release|Any CPU.ActiveCfg = Release|Any CPU
		{F86FFDC1-3C69-49C8-86D6-E1849B39B2DC}.Release|Any CPU.Build.0 = Release|Any CPU
		{7FA05D8F-040F-40FF-89F4-811841AB1467}.Debug|Any CPU.ActiveCfg = Debug|Any CPU
		{7FA05D8F-040F-40FF-89F4-811841AB1467}.Debug|Any CPU.Build.0 = Debug|Any CPU
		{7FA05D8F-040F-40FF-89F4-811841AB1467}.Release|Any CPU.ActiveCfg = Release|Any CPU
		{7FA05D8F-040F-40FF-89F4-811841AB1467}.Release|Any CPU.Build.0 = Release|Any CPU
		{70D78792-8697-4977-A0A9-C11FFB3FA7D5}.Debug|Any CPU.ActiveCfg = Debug|Any CPU
		{70D78792-8697-4977-A0A9-C11FFB3FA7D5}.Debug|Any CPU.Build.0 = Debug|Any CPU
		{70D78792-8697-4977-A0A9-C11FFB3FA7D5}.Release|Any CPU.ActiveCfg = Release|Any CPU
		{70D78792-8697-4977-A0A9-C11FFB3FA7D5}.Release|Any CPU.Build.0 = Release|Any CPU
		{140FF988-BAF9-4A2E-B0E8-462E66623113}.Debug|Any CPU.ActiveCfg = Debug|Any CPU
		{140FF988-BAF9-4A2E-B0E8-462E66623113}.Debug|Any CPU.Build.0 = Debug|Any CPU
		{140FF988-BAF9-4A2E-B0E8-462E66623113}.Release|Any CPU.ActiveCfg = Release|Any CPU
		{140FF988-BAF9-4A2E-B0E8-462E66623113}.Release|Any CPU.Build.0 = Release|Any CPU
	EndGlobalSection
	GlobalSection(SolutionProperties) = preSolution
		HideSolutionNode = FALSE
	EndGlobalSection
	GlobalSection(ExtensibilityGlobals) = postSolution
		SolutionGuid = {FB0E80C8-B893-4F14-BBC6-73A4758F0235}
	EndGlobalSection
EndGlobal
