
Microsoft Visual Studio Solution File, Format Version 12.00
# Visual Studio Version 17
VisualStudioVersion = 17.4.33205.214
MinimumVisualStudioVersion = 10.0.40219.1
Project("{FAE04EC0-301F-11D3-BF4B-00C04F79EFBC}") = "01.IntegerOperations", "01.IntegerOperations\01.IntegerOperations.csproj", "{4DD26548-74F0-423F-A2B8-FE45949E14C8}"
EndProject
Project("{FAE04EC0-301F-11D3-BF4B-00C04F79EFBC}") = "02.SumDigits", "02.SumDigits\02.SumDigits.csproj", "{F86FFDC1-3C69-49C8-86D6-E1849B39B2DC}"
EndProject
Global
	GlobalSection(SolutionConfigurationPlatforms) = preSolution
		Debug|Any CPU = Debug|Any CPU
		Release|Any CPU = Release|Any CPU
	EndGlobalSection
	GlobalSection(ProjectConfigurationPlatforms) = postSolution
		{4DD26548-74F0-423F-A2B8-FE45949E14C8}.Debug|Any CPU.ActiveCfg = Debug|Any CPU
		{4DD26548-74F0-423F-A2B8-FE45949E14C8}.Debug|Any CPU.Build.0 = Debug|Any CPU
		{4DD26548-74F0-423F-A2B8-FE45949E14C8}.Release|Any CPU.ActiveCfg = Release|Any CPU
		{4DD26548-74F0-423F-A2B8-FE45949E14C8}.Release|Any CPU.Build.0 = Release|Any CPU
		{F86FFDC1-3C69-49C8-86D6-E1849B39B2DC}.Debug|Any CPU.ActiveCfg = Debug|Any CPU
		{F86FFDC1-3C69-49C8-86D6-E1849B39B2DC}.Debug|Any CPU.Build.0 = Debug|Any CPU
		{F86FFDC1-3C69-49C8-86D6-E1849B39B2DC}.Release|Any CPU.ActiveCfg = Release|Any CPU
		{F86FFDC1-3C69-49C8-86D6-E1849B39B2DC}.Release|Any CPU.Build.0 = Release|Any CPU
	EndGlobalSection
	GlobalSection(SolutionProperties) = preSolution
		HideSolutionNode = FALSE
	EndGlobalSection
	GlobalSection(ExtensibilityGlobals) = postSolution
		SolutionGuid = {FB0E80C8-B893-4F14-BBC6-73A4758F0235}
	EndGlobalSection
EndGlobal
