
Microsoft Visual Studio Solution File, Format Version 12.00
# Visual Studio Version 17
VisualStudioVersion = 17.4.33205.214
MinimumVisualStudioVersion = 10.0.40219.1
Project("{FAE04EC0-301F-11D3-BF4B-00C04F79EFBC}") = "01.IntegerOperations", "01.IntegerOperations\01.IntegerOperations.csproj", "{F35F164C-D35A-44AE-ADA1-BA49485E9CFC}"
EndProject
Project("{FAE04EC0-301F-11D3-BF4B-00C04F79EFBC}") = "02.SumDigits", "02.SumDigits\02.SumDigits.csproj", "{CAE1D397-8C50-46F4-8D9B-BAB740A3CB98}"
EndProject
Project("{FAE04EC0-301F-11D3-BF4B-00C04F79EFBC}") = "03.Elevator", "03.Elevator\03.Elevator.csproj", "{A6AB7D4A-54C5-4509-BEFE-3B838524A478}"
EndProject
Project("{FAE04EC0-301F-11D3-BF4B-00C04F79EFBC}") = "04.SumOfChars", "04.SumOfChars\04.SumOfChars.csproj", "{81911594-D345-4B43-A5CF-CEF986C45AC1}"
EndProject
Project("{FAE04EC0-301F-11D3-BF4B-00C04F79EFBC}") = "05.PrintPart-ASCII-Table", "05.PrintPart-ASCII-Table\05.PrintPart-ASCII-Table.csproj", "{F838E789-EA67-4D2B-A6AF-C6A1A4B51610}"
EndProject
Project("{FAE04EC0-301F-11D3-BF4B-00C04F79EFBC}") = "06.TriplesOfLatinLetters", "06.TriplesOfLatinLetters\06.TriplesOfLatinLetters.csproj", "{46A1D58A-F0E2-4BD8-A8D6-4822805D70DB}"
EndProject
Global
	GlobalSection(SolutionConfigurationPlatforms) = preSolution
		Debug|Any CPU = Debug|Any CPU
		Release|Any CPU = Release|Any CPU
	EndGlobalSection
	GlobalSection(ProjectConfigurationPlatforms) = postSolution
		{F35F164C-D35A-44AE-ADA1-BA49485E9CFC}.Debug|Any CPU.ActiveCfg = Debug|Any CPU
		{F35F164C-D35A-44AE-ADA1-BA49485E9CFC}.Debug|Any CPU.Build.0 = Debug|Any CPU
		{F35F164C-D35A-44AE-ADA1-BA49485E9CFC}.Release|Any CPU.ActiveCfg = Release|Any CPU
		{F35F164C-D35A-44AE-ADA1-BA49485E9CFC}.Release|Any CPU.Build.0 = Release|Any CPU
		{CAE1D397-8C50-46F4-8D9B-BAB740A3CB98}.Debug|Any CPU.ActiveCfg = Debug|Any CPU
		{CAE1D397-8C50-46F4-8D9B-BAB740A3CB98}.Debug|Any CPU.Build.0 = Debug|Any CPU
		{CAE1D397-8C50-46F4-8D9B-BAB740A3CB98}.Release|Any CPU.ActiveCfg = Release|Any CPU
		{CAE1D397-8C50-46F4-8D9B-BAB740A3CB98}.Release|Any CPU.Build.0 = Release|Any CPU
		{A6AB7D4A-54C5-4509-BEFE-3B838524A478}.Debug|Any CPU.ActiveCfg = Debug|Any CPU
		{A6AB7D4A-54C5-4509-BEFE-3B838524A478}.Debug|Any CPU.Build.0 = Debug|Any CPU
		{A6AB7D4A-54C5-4509-BEFE-3B838524A478}.Release|Any CPU.ActiveCfg = Release|Any CPU
		{A6AB7D4A-54C5-4509-BEFE-3B838524A478}.Release|Any CPU.Build.0 = Release|Any CPU
		{81911594-D345-4B43-A5CF-CEF986C45AC1}.Debug|Any CPU.ActiveCfg = Debug|Any CPU
		{81911594-D345-4B43-A5CF-CEF986C45AC1}.Debug|Any CPU.Build.0 = Debug|Any CPU
		{81911594-D345-4B43-A5CF-CEF986C45AC1}.Release|Any CPU.ActiveCfg = Release|Any CPU
		{81911594-D345-4B43-A5CF-CEF986C45AC1}.Release|Any CPU.Build.0 = Release|Any CPU
		{F838E789-EA67-4D2B-A6AF-C6A1A4B51610}.Debug|Any CPU.ActiveCfg = Debug|Any CPU
		{F838E789-EA67-4D2B-A6AF-C6A1A4B51610}.Debug|Any CPU.Build.0 = Debug|Any CPU
		{F838E789-EA67-4D2B-A6AF-C6A1A4B51610}.Release|Any CPU.ActiveCfg = Release|Any CPU
		{F838E789-EA67-4D2B-A6AF-C6A1A4B51610}.Release|Any CPU.Build.0 = Release|Any CPU
		{46A1D58A-F0E2-4BD8-A8D6-4822805D70DB}.Debug|Any CPU.ActiveCfg = Debug|Any CPU
		{46A1D58A-F0E2-4BD8-A8D6-4822805D70DB}.Debug|Any CPU.Build.0 = Debug|Any CPU
		{46A1D58A-F0E2-4BD8-A8D6-4822805D70DB}.Release|Any CPU.ActiveCfg = Release|Any CPU
		{46A1D58A-F0E2-4BD8-A8D6-4822805D70DB}.Release|Any CPU.Build.0 = Release|Any CPU
	EndGlobalSection
	GlobalSection(SolutionProperties) = preSolution
		HideSolutionNode = FALSE
	EndGlobalSection
	GlobalSection(ExtensibilityGlobals) = postSolution
		SolutionGuid = {A2E24629-4BBB-476C-A871-E35D32F4B902}
	EndGlobalSection
EndGlobal
