
Microsoft Visual Studio Solution File, Format Version 12.00
# Visual Studio Version 17
VisualStudioVersion = 17.4.33205.214
MinimumVisualStudioVersion = 10.0.40219.1
Project("{9A19103F-16F7-4668-BE54-9A1E7A4F7556}") = "01.Train", "01.Train\01.Train.csproj", "{953AADAE-C43E-4054-9269-43B24014EEC9}"
EndProject
Project("{9A19103F-16F7-4668-BE54-9A1E7A4F7556}") = "02.CommonElements", "02.CommonElements\02.CommonElements.csproj", "{505BCA82-ACB3-4FFC-A2D2-917FBD905184}"
EndProject
Project("{9A19103F-16F7-4668-BE54-9A1E7A4F7556}") = "03.ZigZagArrays", "03.ZigZagArrays\03.ZigZagArrays.csproj", "{1CFBE88F-22EF-4AAB-BC8B-6C120621707C}"
EndProject
Project("{9A19103F-16F7-4668-BE54-9A1E7A4F7556}") = "04.ArrayRotation", "04.ArrayRotation\04.ArrayRotation.csproj", "{4FA41393-73EA-4246-81EB-EB9FA4C39D4C}"
EndProject
Project("{9A19103F-16F7-4668-BE54-9A1E7A4F7556}") = "05.TopIntegers", "05.TopIntegers\05.TopIntegers.csproj", "{BFFF023F-9C93-420D-9826-3BD8AE933F41}"
EndProject
Project("{9A19103F-16F7-4668-BE54-9A1E7A4F7556}") = "06.EqualSum", "06.EqualSum\06.EqualSum.csproj", "{8DAD5E32-63EA-4203-A909-34B75906659D}"
EndProject
Project("{9A19103F-16F7-4668-BE54-9A1E7A4F7556}") = "07.MaxSequenceOfEqualElements", "07.MaxSequenceOfEqualElements\07.MaxSequenceOfEqualElements.csproj", "{A52C4085-A5C1-4B27-AE5B-E5CF0D46390F}"
EndProject
Project("{9A19103F-16F7-4668-BE54-9A1E7A4F7556}") = "08.MagicSum", "08.MagicSum\08.MagicSum.csproj", "{B7A47A71-389C-41E5-B365-D4921ADE3683}"
EndProject
Project("{9A19103F-16F7-4668-BE54-9A1E7A4F7556}") = "09.KaminoFactory", "09.KaminoFactory\09.KaminoFactory.csproj", "{8184D96C-6015-4433-B3C0-D89D2F3AD1EA}"
EndProject
Project("{FAE04EC0-301F-11D3-BF4B-00C04F79EFBC}") = "10.LadyBugs", "10.LadyBugs\10.LadyBugs.csproj", "{A2E7200A-2B1D-47D9-9CD8-3E9356D96A05}"
EndProject
Global
	GlobalSection(SolutionConfigurationPlatforms) = preSolution
		Debug|Any CPU = Debug|Any CPU
		Release|Any CPU = Release|Any CPU
	EndGlobalSection
	GlobalSection(ProjectConfigurationPlatforms) = postSolution
		{953AADAE-C43E-4054-9269-43B24014EEC9}.Debug|Any CPU.ActiveCfg = Debug|Any CPU
		{953AADAE-C43E-4054-9269-43B24014EEC9}.Debug|Any CPU.Build.0 = Debug|Any CPU
		{953AADAE-C43E-4054-9269-43B24014EEC9}.Release|Any CPU.ActiveCfg = Release|Any CPU
		{953AADAE-C43E-4054-9269-43B24014EEC9}.Release|Any CPU.Build.0 = Release|Any CPU
		{505BCA82-ACB3-4FFC-A2D2-917FBD905184}.Debug|Any CPU.ActiveCfg = Debug|Any CPU
		{505BCA82-ACB3-4FFC-A2D2-917FBD905184}.Debug|Any CPU.Build.0 = Debug|Any CPU
		{505BCA82-ACB3-4FFC-A2D2-917FBD905184}.Release|Any CPU.ActiveCfg = Release|Any CPU
		{505BCA82-ACB3-4FFC-A2D2-917FBD905184}.Release|Any CPU.Build.0 = Release|Any CPU
		{1CFBE88F-22EF-4AAB-BC8B-6C120621707C}.Debug|Any CPU.ActiveCfg = Debug|Any CPU
		{1CFBE88F-22EF-4AAB-BC8B-6C120621707C}.Debug|Any CPU.Build.0 = Debug|Any CPU
		{1CFBE88F-22EF-4AAB-BC8B-6C120621707C}.Release|Any CPU.ActiveCfg = Release|Any CPU
		{1CFBE88F-22EF-4AAB-BC8B-6C120621707C}.Release|Any CPU.Build.0 = Release|Any CPU
		{4FA41393-73EA-4246-81EB-EB9FA4C39D4C}.Debug|Any CPU.ActiveCfg = Debug|Any CPU
		{4FA41393-73EA-4246-81EB-EB9FA4C39D4C}.Debug|Any CPU.Build.0 = Debug|Any CPU
		{4FA41393-73EA-4246-81EB-EB9FA4C39D4C}.Release|Any CPU.ActiveCfg = Release|Any CPU
		{4FA41393-73EA-4246-81EB-EB9FA4C39D4C}.Release|Any CPU.Build.0 = Release|Any CPU
		{BFFF023F-9C93-420D-9826-3BD8AE933F41}.Debug|Any CPU.ActiveCfg = Debug|Any CPU
		{BFFF023F-9C93-420D-9826-3BD8AE933F41}.Debug|Any CPU.Build.0 = Debug|Any CPU
		{BFFF023F-9C93-420D-9826-3BD8AE933F41}.Release|Any CPU.ActiveCfg = Release|Any CPU
		{BFFF023F-9C93-420D-9826-3BD8AE933F41}.Release|Any CPU.Build.0 = Release|Any CPU
		{8DAD5E32-63EA-4203-A909-34B75906659D}.Debug|Any CPU.ActiveCfg = Debug|Any CPU
		{8DAD5E32-63EA-4203-A909-34B75906659D}.Debug|Any CPU.Build.0 = Debug|Any CPU
		{8DAD5E32-63EA-4203-A909-34B75906659D}.Release|Any CPU.ActiveCfg = Release|Any CPU
		{8DAD5E32-63EA-4203-A909-34B75906659D}.Release|Any CPU.Build.0 = Release|Any CPU
		{A52C4085-A5C1-4B27-AE5B-E5CF0D46390F}.Debug|Any CPU.ActiveCfg = Debug|Any CPU
		{A52C4085-A5C1-4B27-AE5B-E5CF0D46390F}.Debug|Any CPU.Build.0 = Debug|Any CPU
		{A52C4085-A5C1-4B27-AE5B-E5CF0D46390F}.Release|Any CPU.ActiveCfg = Release|Any CPU
		{A52C4085-A5C1-4B27-AE5B-E5CF0D46390F}.Release|Any CPU.Build.0 = Release|Any CPU
		{B7A47A71-389C-41E5-B365-D4921ADE3683}.Debug|Any CPU.ActiveCfg = Debug|Any CPU
		{B7A47A71-389C-41E5-B365-D4921ADE3683}.Debug|Any CPU.Build.0 = Debug|Any CPU
		{B7A47A71-389C-41E5-B365-D4921ADE3683}.Release|Any CPU.ActiveCfg = Release|Any CPU
		{B7A47A71-389C-41E5-B365-D4921ADE3683}.Release|Any CPU.Build.0 = Release|Any CPU
		{8184D96C-6015-4433-B3C0-D89D2F3AD1EA}.Debug|Any CPU.ActiveCfg = Debug|Any CPU
		{8184D96C-6015-4433-B3C0-D89D2F3AD1EA}.Debug|Any CPU.Build.0 = Debug|Any CPU
		{8184D96C-6015-4433-B3C0-D89D2F3AD1EA}.Release|Any CPU.ActiveCfg = Release|Any CPU
		{8184D96C-6015-4433-B3C0-D89D2F3AD1EA}.Release|Any CPU.Build.0 = Release|Any CPU
		{A2E7200A-2B1D-47D9-9CD8-3E9356D96A05}.Debug|Any CPU.ActiveCfg = Debug|Any CPU
		{A2E7200A-2B1D-47D9-9CD8-3E9356D96A05}.Debug|Any CPU.Build.0 = Debug|Any CPU
		{A2E7200A-2B1D-47D9-9CD8-3E9356D96A05}.Release|Any CPU.ActiveCfg = Release|Any CPU
		{A2E7200A-2B1D-47D9-9CD8-3E9356D96A05}.Release|Any CPU.Build.0 = Release|Any CPU
	EndGlobalSection
	GlobalSection(SolutionProperties) = preSolution
		HideSolutionNode = FALSE
	EndGlobalSection
	GlobalSection(ExtensibilityGlobals) = postSolution
		SolutionGuid = {AC4BC0ED-75CB-4A43-B8B6-30D92745FF56}
	EndGlobalSection
EndGlobal
