
Microsoft Visual Studio Solution File, Format Version 12.00
# Visual Studio Version 17
VisualStudioVersion = 17.4.33205.214
MinimumVisualStudioVersion = 10.0.40219.1
Project("{FAE04EC0-301F-11D3-BF4B-00C04F79EFBC}") = "01.BasicStackOperations", "01.BasicStackOperations\01.BasicStackOperations.csproj", "{F18B81C6-9CD0-45AC-89B5-F03EF788B123}"
EndProject
Project("{FAE04EC0-301F-11D3-BF4B-00C04F79EFBC}") = "02.BasicQueueOperations", "02.BasicQueueOperations\02.BasicQueueOperations.csproj", "{AB624171-236C-4C93-8134-7913CA5DE273}"
EndProject
Project("{FAE04EC0-301F-11D3-BF4B-00C04F79EFBC}") = "03.MaximumAndMinimumElement", "03.MaximumAndMinimumElement\03.MaximumAndMinimumElement.csproj", "{6F1A9653-CCE0-44C8-BAEB-C341A0FB42A4}"
EndProject
Project("{FAE04EC0-301F-11D3-BF4B-00C04F79EFBC}") = "04.FastFood", "04.FastFood\04.FastFood.csproj", "{45D8F73B-0833-4076-AA4D-ADDD258B5EA6}"
EndProject
Project("{FAE04EC0-301F-11D3-BF4B-00C04F79EFBC}") = "05.FashionBoutique", "05.FashionBoutique\05.FashionBoutique.csproj", "{FF097C6A-7DB5-4FA0-876C-83BDDD282D67}"
EndProject
Project("{FAE04EC0-301F-11D3-BF4B-00C04F79EFBC}") = "06.SongsQueue", "06.SongsQueue\06.SongsQueue.csproj", "{90E4735F-6092-4C14-8E49-9A7BE606EF18}"
EndProject
Global
	GlobalSection(SolutionConfigurationPlatforms) = preSolution
		Debug|Any CPU = Debug|Any CPU
		Release|Any CPU = Release|Any CPU
	EndGlobalSection
	GlobalSection(ProjectConfigurationPlatforms) = postSolution
		{F18B81C6-9CD0-45AC-89B5-F03EF788B123}.Debug|Any CPU.ActiveCfg = Debug|Any CPU
		{F18B81C6-9CD0-45AC-89B5-F03EF788B123}.Debug|Any CPU.Build.0 = Debug|Any CPU
		{F18B81C6-9CD0-45AC-89B5-F03EF788B123}.Release|Any CPU.ActiveCfg = Release|Any CPU
		{F18B81C6-9CD0-45AC-89B5-F03EF788B123}.Release|Any CPU.Build.0 = Release|Any CPU
		{AB624171-236C-4C93-8134-7913CA5DE273}.Debug|Any CPU.ActiveCfg = Debug|Any CPU
		{AB624171-236C-4C93-8134-7913CA5DE273}.Debug|Any CPU.Build.0 = Debug|Any CPU
		{AB624171-236C-4C93-8134-7913CA5DE273}.Release|Any CPU.ActiveCfg = Release|Any CPU
		{AB624171-236C-4C93-8134-7913CA5DE273}.Release|Any CPU.Build.0 = Release|Any CPU
		{6F1A9653-CCE0-44C8-BAEB-C341A0FB42A4}.Debug|Any CPU.ActiveCfg = Debug|Any CPU
		{6F1A9653-CCE0-44C8-BAEB-C341A0FB42A4}.Debug|Any CPU.Build.0 = Debug|Any CPU
		{6F1A9653-CCE0-44C8-BAEB-C341A0FB42A4}.Release|Any CPU.ActiveCfg = Release|Any CPU
		{6F1A9653-CCE0-44C8-BAEB-C341A0FB42A4}.Release|Any CPU.Build.0 = Release|Any CPU
		{45D8F73B-0833-4076-AA4D-ADDD258B5EA6}.Debug|Any CPU.ActiveCfg = Debug|Any CPU
		{45D8F73B-0833-4076-AA4D-ADDD258B5EA6}.Debug|Any CPU.Build.0 = Debug|Any CPU
		{45D8F73B-0833-4076-AA4D-ADDD258B5EA6}.Release|Any CPU.ActiveCfg = Release|Any CPU
		{45D8F73B-0833-4076-AA4D-ADDD258B5EA6}.Release|Any CPU.Build.0 = Release|Any CPU
		{FF097C6A-7DB5-4FA0-876C-83BDDD282D67}.Debug|Any CPU.ActiveCfg = Debug|Any CPU
		{FF097C6A-7DB5-4FA0-876C-83BDDD282D67}.Debug|Any CPU.Build.0 = Debug|Any CPU
		{FF097C6A-7DB5-4FA0-876C-83BDDD282D67}.Release|Any CPU.ActiveCfg = Release|Any CPU
		{FF097C6A-7DB5-4FA0-876C-83BDDD282D67}.Release|Any CPU.Build.0 = Release|Any CPU
		{90E4735F-6092-4C14-8E49-9A7BE606EF18}.Debug|Any CPU.ActiveCfg = Debug|Any CPU
		{90E4735F-6092-4C14-8E49-9A7BE606EF18}.Debug|Any CPU.Build.0 = Debug|Any CPU
		{90E4735F-6092-4C14-8E49-9A7BE606EF18}.Release|Any CPU.ActiveCfg = Release|Any CPU
		{90E4735F-6092-4C14-8E49-9A7BE606EF18}.Release|Any CPU.Build.0 = Release|Any CPU
	EndGlobalSection
	GlobalSection(SolutionProperties) = preSolution
		HideSolutionNode = FALSE
	EndGlobalSection
	GlobalSection(ExtensibilityGlobals) = postSolution
		SolutionGuid = {AFE914F3-F08B-4BE8-9764-B3C1EC4743C1}
	EndGlobalSection
EndGlobal
