
Microsoft Visual Studio Solution File, Format Version 12.00
# Visual Studio Version 17
VisualStudioVersion = 17.4.33205.214
MinimumVisualStudioVersion = 10.0.40219.1
Project("{9A19103F-16F7-4668-BE54-9A1E7A4F7556}") = "01.Ages", "01.Ages\01.Ages.csproj", "{951727C4-E8B2-48B4-B6C9-B212783AEA28}"
EndProject
Project("{9A19103F-16F7-4668-BE54-9A1E7A4F7556}") = "03.Vacation", "03.Vacation\03.Vacation.csproj", "{E329B5C5-40C6-4F1C-84C7-FCAA1FA75DE4}"
EndProject
Project("{9A19103F-16F7-4668-BE54-9A1E7A4F7556}") = "02.Division", "02.Division\02.Division.csproj", "{BFAB0B54-F225-4811-95AB-5A4432A8F7FC}"
EndProject
Project("{FAE04EC0-301F-11D3-BF4B-00C04F79EFBC}") = "04.PrintAndSum", "04.PrintAndSum\04.PrintAndSum.csproj", "{69108AC8-D0C5-4507-B747-3ED7F9737916}"
EndProject
Project("{FAE04EC0-301F-11D3-BF4B-00C04F79EFBC}") = "05.Login", "05.Login\05.Login.csproj", "{A49E1965-F99F-4D86-B34A-BC08CFC48CB6}"
EndProject
Project("{FAE04EC0-301F-11D3-BF4B-00C04F79EFBC}") = "06.StrongNumber", "06.StrongNumber\06.StrongNumber.csproj", "{7C9A7CA6-F2AD-461D-B7FC-0EC4BCF71690}"
EndProject
Project("{FAE04EC0-301F-11D3-BF4B-00C04F79EFBC}") = "7.VendingMachine", "7.VendingMachine\7.VendingMachine.csproj", "{A0CD9E65-5059-436D-8E37-CF103F2BA8BB}"
EndProject
Global
	GlobalSection(SolutionConfigurationPlatforms) = preSolution
		Debug|Any CPU = Debug|Any CPU
		Release|Any CPU = Release|Any CPU
	EndGlobalSection
	GlobalSection(ProjectConfigurationPlatforms) = postSolution
		{951727C4-E8B2-48B4-B6C9-B212783AEA28}.Debug|Any CPU.ActiveCfg = Debug|Any CPU
		{951727C4-E8B2-48B4-B6C9-B212783AEA28}.Debug|Any CPU.Build.0 = Debug|Any CPU
		{951727C4-E8B2-48B4-B6C9-B212783AEA28}.Release|Any CPU.ActiveCfg = Release|Any CPU
		{951727C4-E8B2-48B4-B6C9-B212783AEA28}.Release|Any CPU.Build.0 = Release|Any CPU
		{E329B5C5-40C6-4F1C-84C7-FCAA1FA75DE4}.Debug|Any CPU.ActiveCfg = Debug|Any CPU
		{E329B5C5-40C6-4F1C-84C7-FCAA1FA75DE4}.Debug|Any CPU.Build.0 = Debug|Any CPU
		{E329B5C5-40C6-4F1C-84C7-FCAA1FA75DE4}.Release|Any CPU.ActiveCfg = Release|Any CPU
		{E329B5C5-40C6-4F1C-84C7-FCAA1FA75DE4}.Release|Any CPU.Build.0 = Release|Any CPU
		{BFAB0B54-F225-4811-95AB-5A4432A8F7FC}.Debug|Any CPU.ActiveCfg = Debug|Any CPU
		{BFAB0B54-F225-4811-95AB-5A4432A8F7FC}.Debug|Any CPU.Build.0 = Debug|Any CPU
		{BFAB0B54-F225-4811-95AB-5A4432A8F7FC}.Release|Any CPU.ActiveCfg = Release|Any CPU
		{BFAB0B54-F225-4811-95AB-5A4432A8F7FC}.Release|Any CPU.Build.0 = Release|Any CPU
		{69108AC8-D0C5-4507-B747-3ED7F9737916}.Debug|Any CPU.ActiveCfg = Debug|Any CPU
		{69108AC8-D0C5-4507-B747-3ED7F9737916}.Debug|Any CPU.Build.0 = Debug|Any CPU
		{69108AC8-D0C5-4507-B747-3ED7F9737916}.Release|Any CPU.ActiveCfg = Release|Any CPU
		{69108AC8-D0C5-4507-B747-3ED7F9737916}.Release|Any CPU.Build.0 = Release|Any CPU
		{A49E1965-F99F-4D86-B34A-BC08CFC48CB6}.Debug|Any CPU.ActiveCfg = Debug|Any CPU
		{A49E1965-F99F-4D86-B34A-BC08CFC48CB6}.Debug|Any CPU.Build.0 = Debug|Any CPU
		{A49E1965-F99F-4D86-B34A-BC08CFC48CB6}.Release|Any CPU.ActiveCfg = Release|Any CPU
		{A49E1965-F99F-4D86-B34A-BC08CFC48CB6}.Release|Any CPU.Build.0 = Release|Any CPU
		{7C9A7CA6-F2AD-461D-B7FC-0EC4BCF71690}.Debug|Any CPU.ActiveCfg = Debug|Any CPU
		{7C9A7CA6-F2AD-461D-B7FC-0EC4BCF71690}.Debug|Any CPU.Build.0 = Debug|Any CPU
		{7C9A7CA6-F2AD-461D-B7FC-0EC4BCF71690}.Release|Any CPU.ActiveCfg = Release|Any CPU
		{7C9A7CA6-F2AD-461D-B7FC-0EC4BCF71690}.Release|Any CPU.Build.0 = Release|Any CPU
		{A0CD9E65-5059-436D-8E37-CF103F2BA8BB}.Debug|Any CPU.ActiveCfg = Debug|Any CPU
		{A0CD9E65-5059-436D-8E37-CF103F2BA8BB}.Debug|Any CPU.Build.0 = Debug|Any CPU
		{A0CD9E65-5059-436D-8E37-CF103F2BA8BB}.Release|Any CPU.ActiveCfg = Release|Any CPU
		{A0CD9E65-5059-436D-8E37-CF103F2BA8BB}.Release|Any CPU.Build.0 = Release|Any CPU
	EndGlobalSection
	GlobalSection(SolutionProperties) = preSolution
		HideSolutionNode = FALSE
	EndGlobalSection
	GlobalSection(ExtensibilityGlobals) = postSolution
		SolutionGuid = {13020962-25C7-4AB0-A2F1-3206FFEC749B}
	EndGlobalSection
EndGlobal
