
Microsoft Visual Studio Solution File, Format Version 12.00
# Visual Studio Version 17
VisualStudioVersion = 17.4.33205.214
MinimumVisualStudioVersion = 10.0.40219.1
Project("{FAE04EC0-301F-11D3-BF4B-00C04F79EFBC}") = "01.Ages", "01.Ages\01.Ages.csproj", "{951727C4-E8B2-48B4-B6C9-B212783AEA28}"
EndProject
Global
	GlobalSection(SolutionConfigurationPlatforms) = preSolution
		Debug|Any CPU = Debug|Any CPU
		Release|Any CPU = Release|Any CPU
	EndGlobalSection
	GlobalSection(ProjectConfigurationPlatforms) = postSolution
		{951727C4-E8B2-48B4-B6C9-B212783AEA28}.Debug|Any CPU.ActiveCfg = Debug|Any CPU
		{951727C4-E8B2-48B4-B6C9-B212783AEA28}.Debug|Any CPU.Build.0 = Debug|Any CPU
		{951727C4-E8B2-48B4-B6C9-B212783AEA28}.Release|Any CPU.ActiveCfg = Release|Any CPU
		{951727C4-E8B2-48B4-B6C9-B212783AEA28}.Release|Any CPU.Build.0 = Release|Any CPU
	EndGlobalSection
	GlobalSection(SolutionProperties) = preSolution
		HideSolutionNode = FALSE
	EndGlobalSection
	GlobalSection(ExtensibilityGlobals) = postSolution
		SolutionGuid = {13020962-25C7-4AB0-A2F1-3206FFEC749B}
	EndGlobalSection
EndGlobal
