
Microsoft Visual Studio Solution File, Format Version 12.00
# Visual Studio Version 17
VisualStudioVersion = 17.4.33205.214
MinimumVisualStudioVersion = 10.0.40219.1
Project("{FAE04EC0-301F-11D3-BF4B-00C04F79EFBC}") = "01.ValidUsernames", "01.ValidUsernames\01.ValidUsernames.csproj", "{A772A86F-8678-4158-BBD0-F2FB82137F0B}"
EndProject
Project("{FAE04EC0-301F-11D3-BF4B-00C04F79EFBC}") = "03.ExtractFile", "03.ExtractFile\03.ExtractFile.csproj", "{A7D97143-EE28-4103-B567-2A3DEE8BD587}"
EndProject
Project("{FAE04EC0-301F-11D3-BF4B-00C04F79EFBC}") = "02.CharacterMultiplier", "02.CharacterMultiplier\02.CharacterMultiplier.csproj", "{770F811D-133F-4E67-A2B6-4F8AE1DA3CDC}"
EndProject
Project("{FAE04EC0-301F-11D3-BF4B-00C04F79EFBC}") = "04.CaesarCipher", "04.CaesarCipher\04.CaesarCipher.csproj", "{FBC78FD6-FAE3-410B-8E0B-D384F1CEE55E}"
EndProject
Project("{FAE04EC0-301F-11D3-BF4B-00C04F79EFBC}") = "05.MultiplyBigNumber", "05.MultiplyBigNumber\05.MultiplyBigNumber.csproj", "{C29B28BB-3008-4F34-A04F-71B2E0DD9904}"
EndProject
Project("{FAE04EC0-301F-11D3-BF4B-00C04F79EFBC}") = "06.ReplaceRepeatingChars", "06.ReplaceRepeatingChars\06.ReplaceRepeatingChars.csproj", "{3A45641F-AA78-4588-AE47-3274370B868E}"
EndProject
Global
	GlobalSection(SolutionConfigurationPlatforms) = preSolution
		Debug|Any CPU = Debug|Any CPU
		Release|Any CPU = Release|Any CPU
	EndGlobalSection
	GlobalSection(ProjectConfigurationPlatforms) = postSolution
		{A772A86F-8678-4158-BBD0-F2FB82137F0B}.Debug|Any CPU.ActiveCfg = Debug|Any CPU
		{A772A86F-8678-4158-BBD0-F2FB82137F0B}.Debug|Any CPU.Build.0 = Debug|Any CPU
		{A772A86F-8678-4158-BBD0-F2FB82137F0B}.Release|Any CPU.ActiveCfg = Release|Any CPU
		{A772A86F-8678-4158-BBD0-F2FB82137F0B}.Release|Any CPU.Build.0 = Release|Any CPU
		{A7D97143-EE28-4103-B567-2A3DEE8BD587}.Debug|Any CPU.ActiveCfg = Debug|Any CPU
		{A7D97143-EE28-4103-B567-2A3DEE8BD587}.Debug|Any CPU.Build.0 = Debug|Any CPU
		{A7D97143-EE28-4103-B567-2A3DEE8BD587}.Release|Any CPU.ActiveCfg = Release|Any CPU
		{A7D97143-EE28-4103-B567-2A3DEE8BD587}.Release|Any CPU.Build.0 = Release|Any CPU
		{770F811D-133F-4E67-A2B6-4F8AE1DA3CDC}.Debug|Any CPU.ActiveCfg = Debug|Any CPU
		{770F811D-133F-4E67-A2B6-4F8AE1DA3CDC}.Debug|Any CPU.Build.0 = Debug|Any CPU
		{770F811D-133F-4E67-A2B6-4F8AE1DA3CDC}.Release|Any CPU.ActiveCfg = Release|Any CPU
		{770F811D-133F-4E67-A2B6-4F8AE1DA3CDC}.Release|Any CPU.Build.0 = Release|Any CPU
		{FBC78FD6-FAE3-410B-8E0B-D384F1CEE55E}.Debug|Any CPU.ActiveCfg = Debug|Any CPU
		{FBC78FD6-FAE3-410B-8E0B-D384F1CEE55E}.Debug|Any CPU.Build.0 = Debug|Any CPU
		{FBC78FD6-FAE3-410B-8E0B-D384F1CEE55E}.Release|Any CPU.ActiveCfg = Release|Any CPU
		{FBC78FD6-FAE3-410B-8E0B-D384F1CEE55E}.Release|Any CPU.Build.0 = Release|Any CPU
		{C29B28BB-3008-4F34-A04F-71B2E0DD9904}.Debug|Any CPU.ActiveCfg = Debug|Any CPU
		{C29B28BB-3008-4F34-A04F-71B2E0DD9904}.Debug|Any CPU.Build.0 = Debug|Any CPU
		{C29B28BB-3008-4F34-A04F-71B2E0DD9904}.Release|Any CPU.ActiveCfg = Release|Any CPU
		{C29B28BB-3008-4F34-A04F-71B2E0DD9904}.Release|Any CPU.Build.0 = Release|Any CPU
		{3A45641F-AA78-4588-AE47-3274370B868E}.Debug|Any CPU.ActiveCfg = Debug|Any CPU
		{3A45641F-AA78-4588-AE47-3274370B868E}.Debug|Any CPU.Build.0 = Debug|Any CPU
		{3A45641F-AA78-4588-AE47-3274370B868E}.Release|Any CPU.ActiveCfg = Release|Any CPU
		{3A45641F-AA78-4588-AE47-3274370B868E}.Release|Any CPU.Build.0 = Release|Any CPU
	EndGlobalSection
	GlobalSection(SolutionProperties) = preSolution
		HideSolutionNode = FALSE
	EndGlobalSection
	GlobalSection(ExtensibilityGlobals) = postSolution
		SolutionGuid = {C6FBADA6-5661-4BE6-A8EA-9EC8268BA19B}
	EndGlobalSection
EndGlobal
